<?xml version="1.0" encoding="utf-8"?>
<Project ToolsVersion="4.0" xmlns="http://schemas.microsoft.com/developer/msbuild/2003">
  <ItemGroup>
    <Filter Include="Source files">
      <UniqueIdentifier>{79ab6485-2470-4b42-9971-a62a37b04293}</UniqueIdentifier>
      <Extensions>cpp;c;cc;cxx;def;odl;idl;hpj;bat;asm;asmx</Extensions>
    </Filter>
    <Filter Include="Header files">
      <UniqueIdentifier>{7006fe89-6e9d-48b8-a231-bf4c2f47f0d2}</UniqueIdentifier>
      <Extensions>h;hpp;hxx;hm;inl;inc;xsd</Extensions>
    </Filter>
    <Filter Include="Resource files">
      <UniqueIdentifier>{57d5fd32-ba3d-4e9f-844d-141cacbd8202}</UniqueIdentifier>
      <Extensions>rc;ico;cur;bmp;dlg;rc2;rct;bin;rgs;gif;jpg;jpeg;jpe;resx;tiff;tif;png;wav</Extensions>
    </Filter>
    <Filter Include="Make files">
      <UniqueIdentifier>{0ca0f9cd-e3ca-4b15-b8fa-63bdc98027ce}</UniqueIdentifier>
      <Extensions>*.mak</Extensions>
    </Filter>
    <Filter Include="VisualGDB settings">
      <UniqueIdentifier>{192887a7-a919-469f-b0c2-b52a5738c1c5}</UniqueIdentifier>
      <Extensions>*.vgdbsettings</Extensions>
    </Filter>
    <Filter Include="Source files\Device-specific files">
      <UniqueIdentifier>{a12a3d7f-f83e-456e-b756-9a6e12434c87}</UniqueIdentifier>
    </Filter>
    <Filter Include="Header files\Device-specific files">
      <UniqueIdentifier>{ec229fe8-566c-4b58-b9b9-4f22f52a608d}</UniqueIdentifier>
    </Filter>
    <Filter Include="Source files\basic_system">
      <UniqueIdentifier>{1aaf13ed-2f3e-45b4-a847-b69d58ba3fcd}</UniqueIdentifier>
    </Filter>
    <Filter Include="Header files\basic_system">
      <UniqueIdentifier>{27129738-a1c3-4bdb-a485-bcb7d60ce215}</UniqueIdentifier>
    </Filter>
    <Filter Include="Source files\basic_system\cpp_interface">
      <UniqueIdentifier>{ad07b68f-f949-45d8-8ba6-35e6c93896f8}</UniqueIdentifier>
    </Filter>
    <Filter Include="Header files\basic_system\cpp_interface">
      <UniqueIdentifier>{7d52eb37-793a-438b-9d3c-b51edf568889}</UniqueIdentifier>
    </Filter>
    <Filter Include="Source files\basic_system\delay">
      <UniqueIdentifier>{0b731f43-d9e7-4253-b6c6-96f3510b0fd2}</UniqueIdentifier>
    </Filter>
    <Filter Include="Header files\basic_system\delay">
      <UniqueIdentifier>{0e5406d7-42aa-4c98-b8d5-1b54a976bfcf}</UniqueIdentifier>
    </Filter>
    <Filter Include="Source files\software">
      <UniqueIdentifier>{96d98002-8f37-432b-9da3-f9febea39202}</UniqueIdentifier>
    </Filter>
    <Filter Include="Header files\software">
      <UniqueIdentifier>{d4519630-ab8a-4020-8fdf-07ba001946e4}</UniqueIdentifier>
    </Filter>
    <Filter Include="Source files\software\cpp_buf">
      <UniqueIdentifier>{56076c71-6566-450a-af11-2021f96d58aa}</UniqueIdentifier>
    </Filter>
    <Filter Include="Header files\software\cpp_buf">
      <UniqueIdentifier>{9043e4da-9d10-4775-a571-7c628d4d1a68}</UniqueIdentifier>
    </Filter>
    <Filter Include="Source files\Device-specific files\StdPeriph">
      <UniqueIdentifier>{8a3b9d8b-9826-47a6-b44d-0eb1df0dd471}</UniqueIdentifier>
    </Filter>
    <Filter Include="Header files\Device-specific files\StdPeriph">
      <UniqueIdentifier>{59312f01-42bb-4a23-937f-26e6fc9f1761}</UniqueIdentifier>
    </Filter>
  </ItemGroup>
  <ItemGroup>
    <ClCompile Include="system_stm32f10x.c">
      <Filter>Source files</Filter>
    </ClCompile>
    <ClCompile Include="main.cpp">
      <Filter>Source files</Filter>
    </ClCompile>
    <ClCompile Include="basic_system\cpp_interface\cpp_interface.cpp">
      <Filter>Source files\basic_system\cpp_interface</Filter>
    </ClCompile>
    <ClCompile Include="basic_system\delay\delay.c">
      <Filter>Source files\basic_system\delay</Filter>
    </ClCompile>
    <ClCompile Include="software\cpp_buf\cpp_buf.cpp">
      <Filter>Source files\software\cpp_buf</Filter>
    </ClCompile>
    <ClCompile Include="..\..\..\AppData\Local\VisualGDB\EmbeddedBSPs\arm-eabi\com.sysprogs.arm.stm32\STM32F1xxxx\StartupFiles\startup_stm32f103xe.c">
      <Filter>Source files\Device-specific files</Filter>
    </ClCompile>
    <ClCompile Include="..\..\..\AppData\Local\VisualGDB\EmbeddedBSPs\arm-eabi\com.sysprogs.arm.stm32\STM32F1xxxx\STM32F10x_StdPeriph_Driver\src\misc.c">
      <Filter>Source files\Device-specific files\StdPeriph</Filter>
    </ClCompile>
    <ClCompile Include="..\..\..\AppData\Local\VisualGDB\EmbeddedBSPs\arm-eabi\com.sysprogs.arm.stm32\STM32F1xxxx\STM32F10x_StdPeriph_Driver\src\stm32f10x_adc.c">
      <Filter>Source files\Device-specific files\StdPeriph</Filter>
    </ClCompile>
    <ClCompile Include="..\..\..\AppData\Local\VisualGDB\EmbeddedBSPs\arm-eabi\com.sysprogs.arm.stm32\STM32F1xxxx\STM32F10x_StdPeriph_Driver\src\stm32f10x_bkp.c">
      <Filter>Source files\Device-specific files\StdPeriph</Filter>
    </ClCompile>
    <ClCompile Include="..\..\..\AppData\Local\VisualGDB\EmbeddedBSPs\arm-eabi\com.sysprogs.arm.stm32\STM32F1xxxx\STM32F10x_StdPeriph_Driver\src\stm32f10x_can.c">
      <Filter>Source files\Device-specific files\StdPeriph</Filter>
    </ClCompile>
    <ClCompile Include="..\..\..\AppData\Local\VisualGDB\EmbeddedBSPs\arm-eabi\com.sysprogs.arm.stm32\STM32F1xxxx\STM32F10x_StdPeriph_Driver\src\stm32f10x_cec.c">
      <Filter>Source files\Device-specific files\StdPeriph</Filter>
    </ClCompile>
    <ClCompile Include="..\..\..\AppData\Local\VisualGDB\EmbeddedBSPs\arm-eabi\com.sysprogs.arm.stm32\STM32F1xxxx\STM32F10x_StdPeriph_Driver\src\stm32f10x_crc.c">
      <Filter>Source files\Device-specific files\StdPeriph</Filter>
    </ClCompile>
    <ClCompile Include="..\..\..\AppData\Local\VisualGDB\EmbeddedBSPs\arm-eabi\com.sysprogs.arm.stm32\STM32F1xxxx\STM32F10x_StdPeriph_Driver\src\stm32f10x_dac.c">
      <Filter>Source files\Device-specific files\StdPeriph</Filter>
    </ClCompile>
    <ClCompile Include="..\..\..\AppData\Local\VisualGDB\EmbeddedBSPs\arm-eabi\com.sysprogs.arm.stm32\STM32F1xxxx\STM32F10x_StdPeriph_Driver\src\stm32f10x_dbgmcu.c">
      <Filter>Source files\Device-specific files\StdPeriph</Filter>
    </ClCompile>
    <ClCompile Include="..\..\..\AppData\Local\VisualGDB\EmbeddedBSPs\arm-eabi\com.sysprogs.arm.stm32\STM32F1xxxx\STM32F10x_StdPeriph_Driver\src\stm32f10x_dma.c">
      <Filter>Source files\Device-specific files\StdPeriph</Filter>
    </ClCompile>
    <ClCompile Include="..\..\..\AppData\Local\VisualGDB\EmbeddedBSPs\arm-eabi\com.sysprogs.arm.stm32\STM32F1xxxx\STM32F10x_StdPeriph_Driver\src\stm32f10x_exti.c">
      <Filter>Source files\Device-specific files\StdPeriph</Filter>
    </ClCompile>
    <ClCompile Include="..\..\..\AppData\Local\VisualGDB\EmbeddedBSPs\arm-eabi\com.sysprogs.arm.stm32\STM32F1xxxx\STM32F10x_StdPeriph_Driver\src\stm32f10x_flash.c">
      <Filter>Source files\Device-specific files\StdPeriph</Filter>
    </ClCompile>
    <ClCompile Include="..\..\..\AppData\Local\VisualGDB\EmbeddedBSPs\arm-eabi\com.sysprogs.arm.stm32\STM32F1xxxx\STM32F10x_StdPeriph_Driver\src\stm32f10x_fsmc.c">
      <Filter>Source files\Device-specific files\StdPeriph</Filter>
    </ClCompile>
    <ClCompile Include="..\..\..\AppData\Local\VisualGDB\EmbeddedBSPs\arm-eabi\com.sysprogs.arm.stm32\STM32F1xxxx\STM32F10x_StdPeriph_Driver\src\stm32f10x_gpio.c">
      <Filter>Source files\Device-specific files\StdPeriph</Filter>
    </ClCompile>
    <ClCompile Include="..\..\..\AppData\Local\VisualGDB\EmbeddedBSPs\arm-eabi\com.sysprogs.arm.stm32\STM32F1xxxx\STM32F10x_StdPeriph_Driver\src\stm32f10x_i2c.c">
      <Filter>Source files\Device-specific files\StdPeriph</Filter>
    </ClCompile>
    <ClCompile Include="..\..\..\AppData\Local\VisualGDB\EmbeddedBSPs\arm-eabi\com.sysprogs.arm.stm32\STM32F1xxxx\STM32F10x_StdPeriph_Driver\src\stm32f10x_iwdg.c">
      <Filter>Source files\Device-specific files\StdPeriph</Filter>
    </ClCompile>
    <ClCompile Include="..\..\..\AppData\Local\VisualGDB\EmbeddedBSPs\arm-eabi\com.sysprogs.arm.stm32\STM32F1xxxx\STM32F10x_StdPeriph_Driver\src\stm32f10x_pwr.c">
      <Filter>Source files\Device-specific files\StdPeriph</Filter>
    </ClCompile>
    <ClCompile Include="..\..\..\AppData\Local\VisualGDB\EmbeddedBSPs\arm-eabi\com.sysprogs.arm.stm32\STM32F1xxxx\STM32F10x_StdPeriph_Driver\src\stm32f10x_rcc.c">
      <Filter>Source files\Device-specific files\StdPeriph</Filter>
    </ClCompile>
    <ClCompile Include="..\..\..\AppData\Local\VisualGDB\EmbeddedBSPs\arm-eabi\com.sysprogs.arm.stm32\STM32F1xxxx\STM32F10x_StdPeriph_Driver\src\stm32f10x_rtc.c">
      <Filter>Source files\Device-specific files\StdPeriph</Filter>
    </ClCompile>
    <ClCompile Include="..\..\..\AppData\Local\VisualGDB\EmbeddedBSPs\arm-eabi\com.sysprogs.arm.stm32\STM32F1xxxx\STM32F10x_StdPeriph_Driver\src\stm32f10x_sdio.c">
      <Filter>Source files\Device-specific files\StdPeriph</Filter>
    </ClCompile>
    <ClCompile Include="..\..\..\AppData\Local\VisualGDB\EmbeddedBSPs\arm-eabi\com.sysprogs.arm.stm32\STM32F1xxxx\STM32F10x_StdPeriph_Driver\src\stm32f10x_spi.c">
      <Filter>Source files\Device-specific files\StdPeriph</Filter>
    </ClCompile>
    <ClCompile Include="..\..\..\AppData\Local\VisualGDB\EmbeddedBSPs\arm-eabi\com.sysprogs.arm.stm32\STM32F1xxxx\STM32F10x_StdPeriph_Driver\src\stm32f10x_tim.c">
      <Filter>Source files\Device-specific files\StdPeriph</Filter>
    </ClCompile>
    <ClCompile Include="..\..\..\AppData\Local\VisualGDB\EmbeddedBSPs\arm-eabi\com.sysprogs.arm.stm32\STM32F1xxxx\STM32F10x_StdPeriph_Driver\src\stm32f10x_usart.c">
      <Filter>Source files\Device-specific files\StdPeriph</Filter>
    </ClCompile>
    <ClCompile Include="..\..\..\AppData\Local\VisualGDB\EmbeddedBSPs\arm-eabi\com.sysprogs.arm.stm32\STM32F1xxxx\STM32F10x_StdPeriph_Driver\src\stm32f10x_wwdg.c">
      <Filter>Source files\Device-specific files\StdPeriph</Filter>
    </ClCompile>
    <ClCompile Include="..\..\..\AppData\Local\VisualGDB\EmbeddedBSPs\arm-eabi\com.sysprogs.arm.stm32\STM32F1xxxx\CMSIS_StdPeriph\CM3\CoreSupport\core_cm3.c">
      <Filter>Source files\Device-specific files\StdPeriph</Filter>
    </ClCompile>
  </ItemGroup>
  <ItemGroup>
    <None Include="Makefile" />
    <None Include="debug.mak">
      <Filter>Make files</Filter>
    </None>
    <None Include="ucos_in-Debug.vgdbsettings">
      <Filter>VisualGDB settings</Filter>
    </None>
    <None Include="release.mak">
      <Filter>Make files</Filter>
    </None>
    <None Include="ucos_in-Release.vgdbsettings">
      <Filter>VisualGDB settings</Filter>
    </None>
    <None Include="STM32F100ZE_flash.lds">
      <Filter>Make files</Filter>
    </None>
    <None Include="stm32.mak">
      <Filter>Source files\Device-specific files</Filter>
    </None>
    <None Include="STM32F103ZE_flash.lds">
      <Filter>Make files</Filter>
    </None>
  </ItemGroup>
  <ItemGroup>
    <ClInclude Include="basic_system\delay\delay.h">
      <Filter>Header files\basic_system\delay</Filter>
    </ClInclude>
    <ClInclude Include="basic_system\cpp_interface\cpp_interface.hpp">
      <Filter>Header files\basic_system\cpp_interface</Filter>
    </ClInclude>
    <ClInclude Include="software\cpp_buf\cpp_buf.hpp">
      <Filter>Header files\software\cpp_buf</Filter>
    </ClInclude>
    <ClInclude Include="..\..\..\AppData\Local\VisualGDB\EmbeddedBSPs\arm-eabi\com.sysprogs.arm.stm32\STM32F1xxxx\STM32F10x_StdPeriph_Driver\inc\misc.h">
      <Filter>Header files\Device-specific files\StdPeriph</Filter>
    </ClInclude>
    <ClInclude Include="..\..\..\AppData\Local\VisualGDB\EmbeddedBSPs\arm-eabi\com.sysprogs.arm.stm32\STM32F1xxxx\STM32F10x_StdPeriph_Driver\inc\stm32f10x_adc.h">
      <Filter>Header files\Device-specific files\StdPeriph</Filter>
    </ClInclude>
    <ClInclude Include="..\..\..\AppData\Local\VisualGDB\EmbeddedBSPs\arm-eabi\com.sysprogs.arm.stm32\STM32F1xxxx\STM32F10x_StdPeriph_Driver\inc\stm32f10x_bkp.h">
      <Filter>Header files\Device-specific files\StdPeriph</Filter>
    </ClInclude>
    <ClInclude Include="..\..\..\AppData\Local\VisualGDB\EmbeddedBSPs\arm-eabi\com.sysprogs.arm.stm32\STM32F1xxxx\STM32F10x_StdPeriph_Driver\inc\stm32f10x_can.h">
      <Filter>Header files\Device-specific files\StdPeriph</Filter>
    </ClInclude>
    <ClInclude Include="..\..\..\AppData\Local\VisualGDB\EmbeddedBSPs\arm-eabi\com.sysprogs.arm.stm32\STM32F1xxxx\STM32F10x_StdPeriph_Driver\inc\stm32f10x_cec.h">
      <Filter>Header files\Device-specific files\StdPeriph</Filter>
    </ClInclude>
    <ClInclude Include="..\..\..\AppData\Local\VisualGDB\EmbeddedBSPs\arm-eabi\com.sysprogs.arm.stm32\STM32F1xxxx\STM32F10x_StdPeriph_Driver\inc\stm32f10x_crc.h">
      <Filter>Header files\Device-specific files\StdPeriph</Filter>
    </ClInclude>
    <ClInclude Include="..\..\..\AppData\Local\VisualGDB\EmbeddedBSPs\arm-eabi\com.sysprogs.arm.stm32\STM32F1xxxx\STM32F10x_StdPeriph_Driver\inc\stm32f10x_dac.h">
      <Filter>Header files\Device-specific files\StdPeriph</Filter>
    </ClInclude>
    <ClInclude Include="..\..\..\AppData\Local\VisualGDB\EmbeddedBSPs\arm-eabi\com.sysprogs.arm.stm32\STM32F1xxxx\STM32F10x_StdPeriph_Driver\inc\stm32f10x_dbgmcu.h">
      <Filter>Header files\Device-specific files\StdPeriph</Filter>
    </ClInclude>
    <ClInclude Include="..\..\..\AppData\Local\VisualGDB\EmbeddedBSPs\arm-eabi\com.sysprogs.arm.stm32\STM32F1xxxx\STM32F10x_StdPeriph_Driver\inc\stm32f10x_dma.h">
      <Filter>Header files\Device-specific files\StdPeriph</Filter>
    </ClInclude>
    <ClInclude Include="..\..\..\AppData\Local\VisualGDB\EmbeddedBSPs\arm-eabi\com.sysprogs.arm.stm32\STM32F1xxxx\STM32F10x_StdPeriph_Driver\inc\stm32f10x_exti.h">
      <Filter>Header files\Device-specific files\StdPeriph</Filter>
    </ClInclude>
    <ClInclude Include="..\..\..\AppData\Local\VisualGDB\EmbeddedBSPs\arm-eabi\com.sysprogs.arm.stm32\STM32F1xxxx\STM32F10x_StdPeriph_Driver\inc\stm32f10x_flash.h">
      <Filter>Header files\Device-specific files\StdPeriph</Filter>
    </ClInclude>
    <ClInclude Include="..\..\..\AppData\Local\VisualGDB\EmbeddedBSPs\arm-eabi\com.sysprogs.arm.stm32\STM32F1xxxx\STM32F10x_StdPeriph_Driver\inc\stm32f10x_fsmc.h">
      <Filter>Header files\Device-specific files\StdPeriph</Filter>
    </ClInclude>
    <ClInclude Include="..\..\..\AppData\Local\VisualGDB\EmbeddedBSPs\arm-eabi\com.sysprogs.arm.stm32\STM32F1xxxx\STM32F10x_StdPeriph_Driver\inc\stm32f10x_gpio.h">
      <Filter>Header files\Device-specific files\StdPeriph</Filter>
    </ClInclude>
    <ClInclude Include="..\..\..\AppData\Local\VisualGDB\EmbeddedBSPs\arm-eabi\com.sysprogs.arm.stm32\STM32F1xxxx\STM32F10x_StdPeriph_Driver\inc\stm32f10x_i2c.h">
      <Filter>Header files\Device-specific files\StdPeriph</Filter>
    </ClInclude>
    <ClInclude Include="..\..\..\AppData\Local\VisualGDB\EmbeddedBSPs\arm-eabi\com.sysprogs.arm.stm32\STM32F1xxxx\STM32F10x_StdPeriph_Driver\inc\stm32f10x_iwdg.h">
      <Filter>Header files\Device-specific files\StdPeriph</Filter>
    </ClInclude>
    <ClInclude Include="..\..\..\AppData\Local\VisualGDB\EmbeddedBSPs\arm-eabi\com.sysprogs.arm.stm32\STM32F1xxxx\STM32F10x_StdPeriph_Driver\inc\stm32f10x_pwr.h">
      <Filter>Header files\Device-specific files\StdPeriph</Filter>
    </ClInclude>
    <ClInclude Include="..\..\..\AppData\Local\VisualGDB\EmbeddedBSPs\arm-eabi\com.sysprogs.arm.stm32\STM32F1xxxx\STM32F10x_StdPeriph_Driver\inc\stm32f10x_rcc.h">
      <Filter>Header files\Device-specific files\StdPeriph</Filter>
    </ClInclude>
    <ClInclude Include="..\..\..\AppData\Local\VisualGDB\EmbeddedBSPs\arm-eabi\com.sysprogs.arm.stm32\STM32F1xxxx\STM32F10x_StdPeriph_Driver\inc\stm32f10x_rtc.h">
      <Filter>Header files\Device-specific files\StdPeriph</Filter>
    </ClInclude>
    <ClInclude Include="..\..\..\AppData\Local\VisualGDB\EmbeddedBSPs\arm-eabi\com.sysprogs.arm.stm32\STM32F1xxxx\STM32F10x_StdPeriph_Driver\inc\stm32f10x_sdio.h">
      <Filter>Header files\Device-specific files\StdPeriph</Filter>
    </ClInclude>
    <ClInclude Include="..\..\..\AppData\Local\VisualGDB\EmbeddedBSPs\arm-eabi\com.sysprogs.arm.stm32\STM32F1xxxx\STM32F10x_StdPeriph_Driver\inc\stm32f10x_spi.h">
      <Filter>Header files\Device-specific files\StdPeriph</Filter>
    </ClInclude>
    <ClInclude Include="..\..\..\AppData\Local\VisualGDB\EmbeddedBSPs\arm-eabi\com.sysprogs.arm.stm32\STM32F1xxxx\STM32F10x_StdPeriph_Driver\inc\stm32f10x_tim.h">
      <Filter>Header files\Device-specific files\StdPeriph</Filter>
    </ClInclude>
    <ClInclude Include="..\..\..\AppData\Local\VisualGDB\EmbeddedBSPs\arm-eabi\com.sysprogs.arm.stm32\STM32F1xxxx\STM32F10x_StdPeriph_Driver\inc\stm32f10x_usart.h">
      <Filter>Header files\Device-specific files\StdPeriph</Filter>
    </ClInclude>
    <ClInclude Include="..\..\..\AppData\Local\VisualGDB\EmbeddedBSPs\arm-eabi\com.sysprogs.arm.stm32\STM32F1xxxx\STM32F10x_StdPeriph_Driver\inc\stm32f10x_wwdg.h">
      <Filter>Header files\Device-specific files\StdPeriph</Filter>
    </ClInclude>
    <ClInclude Include="..\..\..\AppData\Local\VisualGDB\EmbeddedBSPs\arm-eabi\com.sysprogs.arm.stm32\STM32F1xxxx\CMSIS_StdPeriph\CM3\CoreSupport\core_cm3.h">
      <Filter>Header files\Device-specific files\StdPeriph</Filter>
    </ClInclude>
    <ClInclude Include="..\..\..\AppData\Local\VisualGDB\EmbeddedBSPs\arm-eabi\com.sysprogs.arm.stm32\STM32F1xxxx\CMSIS_StdPeriph\CM3\DeviceSupport\ST\STM32F10x\stm32f10x.h">
      <Filter>Header files\Device-specific files\StdPeriph</Filter>
    </ClInclude>
    <ClInclude Include="..\..\..\AppData\Local\VisualGDB\EmbeddedBSPs\arm-eabi\com.sysprogs.arm.stm32\STM32F1xxxx\CMSIS_StdPeriph\CM3\DeviceSupport\ST\STM32F10x\system_stm32f10x.h">
      <Filter>Header files\Device-specific files\StdPeriph</Filter>
    </ClInclude>
  </ItemGroup>
  <ItemGroup>
    <Xml Include="stm32.xml">
      <Filter>VisualGDB settings</Filter>
    </Xml>
  </ItemGroup>
</Project>